
Microsoft Visual Studio Solution File, Format Version 12.00
# Visual Studio 14
VisualStudioVersion = 14.0.25420.1
MinimumVisualStudioVersion = 10.0.40219.1
Project("{FAE04EC0-301F-11D3-BF4B-00C04F79EFBC}") = "FirstApp.Droid", "FirstApp\FirstApp.Droid\FirstApp.Droid.csproj", "{73756150-E191-42D4-9A03-CEB99D684D19}"
EndProject
Project("{FAE04EC0-301F-11D3-BF4B-00C04F79EFBC}") = "FirstApp.iOS", "FirstApp\FirstApp.iOS\FirstApp.iOS.csproj", "{C2673455-F30C-4546-A283-670EBC3DFE1C}"
EndProject
Project("{FAE04EC0-301F-11D3-BF4B-00C04F79EFBC}") = "FirstApp.WinPhone", "FirstApp\FirstApp.WinPhone\FirstApp.WinPhone.csproj", "{F88926DD-2884-43A5-8DEC-BE44210A617C}"
EndProject
Project("{FAE04EC0-301F-11D3-BF4B-00C04F79EFBC}") = "FirstApp.UWP", "FirstApp\FirstApp.UWP\FirstApp.UWP.csproj", "{9E996ED5-CE0A-4303-AFA8-35CE2B5A4949}"
EndProject
Project("{FAE04EC0-301F-11D3-BF4B-00C04F79EFBC}") = "FirstApp.Windows", "FirstApp\FirstApp.Windows\FirstApp.Windows.csproj", "{1C7F7A8C-EAC6-4ADE-B187-5250C40D5038}"
EndProject
Project("{FAE04EC0-301F-11D3-BF4B-00C04F79EFBC}") = "FirstApp", "FirstApp\FirstApp\FirstApp.csproj", "{1B74EC7D-5518-4747-BD47-B8A976E2AD80}"
EndProject
Global
	GlobalSection(SolutionConfigurationPlatforms) = preSolution
		Ad-Hoc|Any CPU = Ad-Hoc|Any CPU
		Ad-Hoc|ARM = Ad-Hoc|ARM
		Ad-Hoc|iPhone = Ad-Hoc|iPhone
		Ad-Hoc|iPhoneSimulator = Ad-Hoc|iPhoneSimulator
		Ad-Hoc|x64 = Ad-Hoc|x64
		Ad-Hoc|x86 = Ad-Hoc|x86
		AppStore|Any CPU = AppStore|Any CPU
		AppStore|ARM = AppStore|ARM
		AppStore|iPhone = AppStore|iPhone
		AppStore|iPhoneSimulator = AppStore|iPhoneSimulator
		AppStore|x64 = AppStore|x64
		AppStore|x86 = AppStore|x86
		Debug|Any CPU = Debug|Any CPU
		Debug|ARM = Debug|ARM
		Debug|iPhone = Debug|iPhone
		Debug|iPhoneSimulator = Debug|iPhoneSimulator
		Debug|x64 = Debug|x64
		Debug|x86 = Debug|x86
		Release|Any CPU = Release|Any CPU
		Release|ARM = Release|ARM
		Release|iPhone = Release|iPhone
		Release|iPhoneSimulator = Release|iPhoneSimulator
		Release|x64 = Release|x64
		Release|x86 = Release|x86
	EndGlobalSection
	GlobalSection(ProjectConfigurationPlatforms) = postSolution
		{73756150-E191-42D4-9A03-CEB99D684D19}.Ad-Hoc|Any CPU.ActiveCfg = Release|Any CPU
		{73756150-E191-42D4-9A03-CEB99D684D19}.Ad-Hoc|Any CPU.Build.0 = Release|Any CPU
		{73756150-E191-42D4-9A03-CEB99D684D19}.Ad-Hoc|Any CPU.Deploy.0 = Release|Any CPU
		{73756150-E191-42D4-9A03-CEB99D684D19}.Ad-Hoc|ARM.ActiveCfg = Release|Any CPU
		{73756150-E191-42D4-9A03-CEB99D684D19}.Ad-Hoc|ARM.Build.0 = Release|Any CPU
		{73756150-E191-42D4-9A03-CEB99D684D19}.Ad-Hoc|ARM.Deploy.0 = Release|Any CPU
		{73756150-E191-42D4-9A03-CEB99D684D19}.Ad-Hoc|iPhone.ActiveCfg = Release|Any CPU
		{73756150-E191-42D4-9A03-CEB99D684D19}.Ad-Hoc|iPhone.Build.0 = Release|Any CPU
		{73756150-E191-42D4-9A03-CEB99D684D19}.Ad-Hoc|iPhone.Deploy.0 = Release|Any CPU
		{73756150-E191-42D4-9A03-CEB99D684D19}.Ad-Hoc|iPhoneSimulator.ActiveCfg = Release|Any CPU
		{73756150-E191-42D4-9A03-CEB99D684D19}.Ad-Hoc|iPhoneSimulator.Build.0 = Release|Any CPU
		{73756150-E191-42D4-9A03-CEB99D684D19}.Ad-Hoc|iPhoneSimulator.Deploy.0 = Release|Any CPU
		{73756150-E191-42D4-9A03-CEB99D684D19}.Ad-Hoc|x64.ActiveCfg = Release|Any CPU
		{73756150-E191-42D4-9A03-CEB99D684D19}.Ad-Hoc|x64.Build.0 = Release|Any CPU
		{73756150-E191-42D4-9A03-CEB99D684D19}.Ad-Hoc|x64.Deploy.0 = Release|Any CPU
		{73756150-E191-42D4-9A03-CEB99D684D19}.Ad-Hoc|x86.ActiveCfg = Release|Any CPU
		{73756150-E191-42D4-9A03-CEB99D684D19}.Ad-Hoc|x86.Build.0 = Release|Any CPU
		{73756150-E191-42D4-9A03-CEB99D684D19}.Ad-Hoc|x86.Deploy.0 = Release|Any CPU
		{73756150-E191-42D4-9A03-CEB99D684D19}.AppStore|Any CPU.ActiveCfg = Release|Any CPU
		{73756150-E191-42D4-9A03-CEB99D684D19}.AppStore|Any CPU.Build.0 = Release|Any CPU
		{73756150-E191-42D4-9A03-CEB99D684D19}.AppStore|Any CPU.Deploy.0 = Release|Any CPU
		{73756150-E191-42D4-9A03-CEB99D684D19}.AppStore|ARM.ActiveCfg = Release|Any CPU
		{73756150-E191-42D4-9A03-CEB99D684D19}.AppStore|ARM.Build.0 = Release|Any CPU
		{73756150-E191-42D4-9A03-CEB99D684D19}.AppStore|ARM.Deploy.0 = Release|Any CPU
		{73756150-E191-42D4-9A03-CEB99D684D19}.AppStore|iPhone.ActiveCfg = Release|Any CPU
		{73756150-E191-42D4-9A03-CEB99D684D19}.AppStore|iPhone.Build.0 = Release|Any CPU
		{73756150-E191-42D4-9A03-CEB99D684D19}.AppStore|iPhone.Deploy.0 = Release|Any CPU
		{73756150-E191-42D4-9A03-CEB99D684D19}.AppStore|iPhoneSimulator.ActiveCfg = Release|Any CPU
		{73756150-E191-42D4-9A03-CEB99D684D19}.AppStore|iPhoneSimulator.Build.0 = Release|Any CPU
		{73756150-E191-42D4-9A03-CEB99D684D19}.AppStore|iPhoneSimulator.Deploy.0 = Release|Any CPU
		{73756150-E191-42D4-9A03-CEB99D684D19}.AppStore|x64.ActiveCfg = Release|Any CPU
		{73756150-E191-42D4-9A03-CEB99D684D19}.AppStore|x64.Build.0 = Release|Any CPU
		{73756150-E191-42D4-9A03-CEB99D684D19}.AppStore|x64.Deploy.0 = Release|Any CPU
		{73756150-E191-42D4-9A03-CEB99D684D19}.AppStore|x86.ActiveCfg = Release|Any CPU
		{73756150-E191-42D4-9A03-CEB99D684D19}.AppStore|x86.Build.0 = Release|Any CPU
		{73756150-E191-42D4-9A03-CEB99D684D19}.AppStore|x86.Deploy.0 = Release|Any CPU
		{73756150-E191-42D4-9A03-CEB99D684D19}.Debug|Any CPU.ActiveCfg = Debug|Any CPU
		{73756150-E191-42D4-9A03-CEB99D684D19}.Debug|ARM.ActiveCfg = Debug|Any CPU
		{73756150-E191-42D4-9A03-CEB99D684D19}.Debug|ARM.Build.0 = Debug|Any CPU
		{73756150-E191-42D4-9A03-CEB99D684D19}.Debug|ARM.Deploy.0 = Debug|Any CPU
		{73756150-E191-42D4-9A03-CEB99D684D19}.Debug|iPhone.ActiveCfg = Debug|Any CPU
		{73756150-E191-42D4-9A03-CEB99D684D19}.Debug|iPhone.Build.0 = Debug|Any CPU
		{73756150-E191-42D4-9A03-CEB99D684D19}.Debug|iPhone.Deploy.0 = Debug|Any CPU
		{73756150-E191-42D4-9A03-CEB99D684D19}.Debug|iPhoneSimulator.ActiveCfg = Debug|Any CPU
		{73756150-E191-42D4-9A03-CEB99D684D19}.Debug|iPhoneSimulator.Build.0 = Debug|Any CPU
		{73756150-E191-42D4-9A03-CEB99D684D19}.Debug|iPhoneSimulator.Deploy.0 = Debug|Any CPU
		{73756150-E191-42D4-9A03-CEB99D684D19}.Debug|x64.ActiveCfg = Debug|Any CPU
		{73756150-E191-42D4-9A03-CEB99D684D19}.Debug|x64.Build.0 = Debug|Any CPU
		{73756150-E191-42D4-9A03-CEB99D684D19}.Debug|x64.Deploy.0 = Debug|Any CPU
		{73756150-E191-42D4-9A03-CEB99D684D19}.Debug|x86.ActiveCfg = Debug|Any CPU
		{73756150-E191-42D4-9A03-CEB99D684D19}.Debug|x86.Build.0 = Debug|Any CPU
		{73756150-E191-42D4-9A03-CEB99D684D19}.Debug|x86.Deploy.0 = Debug|Any CPU
		{73756150-E191-42D4-9A03-CEB99D684D19}.Release|Any CPU.ActiveCfg = Release|Any CPU
		{73756150-E191-42D4-9A03-CEB99D684D19}.Release|Any CPU.Build.0 = Release|Any CPU
		{73756150-E191-42D4-9A03-CEB99D684D19}.Release|Any CPU.Deploy.0 = Release|Any CPU
		{73756150-E191-42D4-9A03-CEB99D684D19}.Release|ARM.ActiveCfg = Release|Any CPU
		{73756150-E191-42D4-9A03-CEB99D684D19}.Release|ARM.Build.0 = Release|Any CPU
		{73756150-E191-42D4-9A03-CEB99D684D19}.Release|ARM.Deploy.0 = Release|Any CPU
		{73756150-E191-42D4-9A03-CEB99D684D19}.Release|iPhone.ActiveCfg = Release|Any CPU
		{73756150-E191-42D4-9A03-CEB99D684D19}.Release|iPhone.Build.0 = Release|Any CPU
		{73756150-E191-42D4-9A03-CEB99D684D19}.Release|iPhone.Deploy.0 = Release|Any CPU
		{73756150-E191-42D4-9A03-CEB99D684D19}.Release|iPhoneSimulator.ActiveCfg = Release|Any CPU
		{73756150-E191-42D4-9A03-CEB99D684D19}.Release|iPhoneSimulator.Build.0 = Release|Any CPU
		{73756150-E191-42D4-9A03-CEB99D684D19}.Release|iPhoneSimulator.Deploy.0 = Release|Any CPU
		{73756150-E191-42D4-9A03-CEB99D684D19}.Release|x64.ActiveCfg = Release|Any CPU
		{73756150-E191-42D4-9A03-CEB99D684D19}.Release|x64.Build.0 = Release|Any CPU
		{73756150-E191-42D4-9A03-CEB99D684D19}.Release|x64.Deploy.0 = Release|Any CPU
		{73756150-E191-42D4-9A03-CEB99D684D19}.Release|x86.ActiveCfg = Release|Any CPU
		{73756150-E191-42D4-9A03-CEB99D684D19}.Release|x86.Build.0 = Release|Any CPU
		{73756150-E191-42D4-9A03-CEB99D684D19}.Release|x86.Deploy.0 = Release|Any CPU
		{C2673455-F30C-4546-A283-670EBC3DFE1C}.Ad-Hoc|Any CPU.ActiveCfg = Ad-Hoc|iPhone
		{C2673455-F30C-4546-A283-670EBC3DFE1C}.Ad-Hoc|ARM.ActiveCfg = Ad-Hoc|iPhone
		{C2673455-F30C-4546-A283-670EBC3DFE1C}.Ad-Hoc|iPhone.ActiveCfg = Ad-Hoc|iPhone
		{C2673455-F30C-4546-A283-670EBC3DFE1C}.Ad-Hoc|iPhone.Build.0 = Ad-Hoc|iPhone
		{C2673455-F30C-4546-A283-670EBC3DFE1C}.Ad-Hoc|iPhoneSimulator.ActiveCfg = Ad-Hoc|iPhoneSimulator
		{C2673455-F30C-4546-A283-670EBC3DFE1C}.Ad-Hoc|iPhoneSimulator.Build.0 = Ad-Hoc|iPhoneSimulator
		{C2673455-F30C-4546-A283-670EBC3DFE1C}.Ad-Hoc|x64.ActiveCfg = Ad-Hoc|iPhone
		{C2673455-F30C-4546-A283-670EBC3DFE1C}.Ad-Hoc|x86.ActiveCfg = Ad-Hoc|iPhone
		{C2673455-F30C-4546-A283-670EBC3DFE1C}.AppStore|Any CPU.ActiveCfg = AppStore|iPhone
		{C2673455-F30C-4546-A283-670EBC3DFE1C}.AppStore|ARM.ActiveCfg = AppStore|iPhone
		{C2673455-F30C-4546-A283-670EBC3DFE1C}.AppStore|iPhone.ActiveCfg = AppStore|iPhone
		{C2673455-F30C-4546-A283-670EBC3DFE1C}.AppStore|iPhone.Build.0 = AppStore|iPhone
		{C2673455-F30C-4546-A283-670EBC3DFE1C}.AppStore|iPhoneSimulator.ActiveCfg = AppStore|iPhoneSimulator
		{C2673455-F30C-4546-A283-670EBC3DFE1C}.AppStore|iPhoneSimulator.Build.0 = AppStore|iPhoneSimulator
		{C2673455-F30C-4546-A283-670EBC3DFE1C}.AppStore|x64.ActiveCfg = AppStore|iPhone
		{C2673455-F30C-4546-A283-670EBC3DFE1C}.AppStore|x86.ActiveCfg = AppStore|iPhone
		{C2673455-F30C-4546-A283-670EBC3DFE1C}.Debug|Any CPU.ActiveCfg = Debug|iPhone
		{C2673455-F30C-4546-A283-670EBC3DFE1C}.Debug|ARM.ActiveCfg = Debug|iPhone
		{C2673455-F30C-4546-A283-670EBC3DFE1C}.Debug|iPhone.ActiveCfg = Debug|iPhone
		{C2673455-F30C-4546-A283-670EBC3DFE1C}.Debug|iPhone.Build.0 = Debug|iPhone
		{C2673455-F30C-4546-A283-670EBC3DFE1C}.Debug|iPhoneSimulator.ActiveCfg = Debug|iPhoneSimulator
		{C2673455-F30C-4546-A283-670EBC3DFE1C}.Debug|iPhoneSimulator.Build.0 = Debug|iPhoneSimulator
		{C2673455-F30C-4546-A283-670EBC3DFE1C}.Debug|x64.ActiveCfg = Debug|iPhone
		{C2673455-F30C-4546-A283-670EBC3DFE1C}.Debug|x86.ActiveCfg = Debug|iPhone
		{C2673455-F30C-4546-A283-670EBC3DFE1C}.Release|Any CPU.ActiveCfg = Release|iPhone
		{C2673455-F30C-4546-A283-670EBC3DFE1C}.Release|ARM.ActiveCfg = Release|iPhone
		{C2673455-F30C-4546-A283-670EBC3DFE1C}.Release|iPhone.ActiveCfg = Release|iPhone
		{C2673455-F30C-4546-A283-670EBC3DFE1C}.Release|iPhone.Build.0 = Release|iPhone
		{C2673455-F30C-4546-A283-670EBC3DFE1C}.Release|iPhoneSimulator.ActiveCfg = Release|iPhoneSimulator
		{C2673455-F30C-4546-A283-670EBC3DFE1C}.Release|iPhoneSimulator.Build.0 = Release|iPhoneSimulator
		{C2673455-F30C-4546-A283-670EBC3DFE1C}.Release|x64.ActiveCfg = Release|iPhone
		{C2673455-F30C-4546-A283-670EBC3DFE1C}.Release|x86.ActiveCfg = Release|iPhone
		{F88926DD-2884-43A5-8DEC-BE44210A617C}.Ad-Hoc|Any CPU.ActiveCfg = Release|Any CPU
		{F88926DD-2884-43A5-8DEC-BE44210A617C}.Ad-Hoc|Any CPU.Build.0 = Release|Any CPU
		{F88926DD-2884-43A5-8DEC-BE44210A617C}.Ad-Hoc|Any CPU.Deploy.0 = Release|Any CPU
		{F88926DD-2884-43A5-8DEC-BE44210A617C}.Ad-Hoc|ARM.ActiveCfg = Release|ARM
		{F88926DD-2884-43A5-8DEC-BE44210A617C}.Ad-Hoc|ARM.Build.0 = Release|ARM
		{F88926DD-2884-43A5-8DEC-BE44210A617C}.Ad-Hoc|ARM.Deploy.0 = Release|ARM
		{F88926DD-2884-43A5-8DEC-BE44210A617C}.Ad-Hoc|iPhone.ActiveCfg = Release|Any CPU
		{F88926DD-2884-43A5-8DEC-BE44210A617C}.Ad-Hoc|iPhone.Build.0 = Release|Any CPU
		{F88926DD-2884-43A5-8DEC-BE44210A617C}.Ad-Hoc|iPhone.Deploy.0 = Release|Any CPU
		{F88926DD-2884-43A5-8DEC-BE44210A617C}.Ad-Hoc|iPhoneSimulator.ActiveCfg = Release|Any CPU
		{F88926DD-2884-43A5-8DEC-BE44210A617C}.Ad-Hoc|iPhoneSimulator.Build.0 = Release|Any CPU
		{F88926DD-2884-43A5-8DEC-BE44210A617C}.Ad-Hoc|iPhoneSimulator.Deploy.0 = Release|Any CPU
		{F88926DD-2884-43A5-8DEC-BE44210A617C}.Ad-Hoc|x64.ActiveCfg = Release|Any CPU
		{F88926DD-2884-43A5-8DEC-BE44210A617C}.Ad-Hoc|x64.Build.0 = Release|Any CPU
		{F88926DD-2884-43A5-8DEC-BE44210A617C}.Ad-Hoc|x64.Deploy.0 = Release|Any CPU
		{F88926DD-2884-43A5-8DEC-BE44210A617C}.Ad-Hoc|x86.ActiveCfg = Release|x86
		{F88926DD-2884-43A5-8DEC-BE44210A617C}.Ad-Hoc|x86.Build.0 = Release|x86
		{F88926DD-2884-43A5-8DEC-BE44210A617C}.Ad-Hoc|x86.Deploy.0 = Release|x86
		{F88926DD-2884-43A5-8DEC-BE44210A617C}.AppStore|Any CPU.ActiveCfg = Release|Any CPU
		{F88926DD-2884-43A5-8DEC-BE44210A617C}.AppStore|Any CPU.Build.0 = Release|Any CPU
		{F88926DD-2884-43A5-8DEC-BE44210A617C}.AppStore|Any CPU.Deploy.0 = Release|Any CPU
		{F88926DD-2884-43A5-8DEC-BE44210A617C}.AppStore|ARM.ActiveCfg = Release|ARM
		{F88926DD-2884-43A5-8DEC-BE44210A617C}.AppStore|ARM.Build.0 = Release|ARM
		{F88926DD-2884-43A5-8DEC-BE44210A617C}.AppStore|ARM.Deploy.0 = Release|ARM
		{F88926DD-2884-43A5-8DEC-BE44210A617C}.AppStore|iPhone.ActiveCfg = Release|Any CPU
		{F88926DD-2884-43A5-8DEC-BE44210A617C}.AppStore|iPhone.Build.0 = Release|Any CPU
		{F88926DD-2884-43A5-8DEC-BE44210A617C}.AppStore|iPhone.Deploy.0 = Release|Any CPU
		{F88926DD-2884-43A5-8DEC-BE44210A617C}.AppStore|iPhoneSimulator.ActiveCfg = Release|Any CPU
		{F88926DD-2884-43A5-8DEC-BE44210A617C}.AppStore|iPhoneSimulator.Build.0 = Release|Any CPU
		{F88926DD-2884-43A5-8DEC-BE44210A617C}.AppStore|iPhoneSimulator.Deploy.0 = Release|Any CPU
		{F88926DD-2884-43A5-8DEC-BE44210A617C}.AppStore|x64.ActiveCfg = Release|Any CPU
		{F88926DD-2884-43A5-8DEC-BE44210A617C}.AppStore|x64.Build.0 = Release|Any CPU
		{F88926DD-2884-43A5-8DEC-BE44210A617C}.AppStore|x64.Deploy.0 = Release|Any CPU
		{F88926DD-2884-43A5-8DEC-BE44210A617C}.AppStore|x86.ActiveCfg = Release|x86
		{F88926DD-2884-43A5-8DEC-BE44210A617C}.AppStore|x86.Build.0 = Release|x86
		{F88926DD-2884-43A5-8DEC-BE44210A617C}.AppStore|x86.Deploy.0 = Release|x86
		{F88926DD-2884-43A5-8DEC-BE44210A617C}.Debug|Any CPU.ActiveCfg = Debug|Any CPU
		{F88926DD-2884-43A5-8DEC-BE44210A617C}.Debug|ARM.ActiveCfg = Debug|ARM
		{F88926DD-2884-43A5-8DEC-BE44210A617C}.Debug|ARM.Build.0 = Debug|ARM
		{F88926DD-2884-43A5-8DEC-BE44210A617C}.Debug|ARM.Deploy.0 = Debug|ARM
		{F88926DD-2884-43A5-8DEC-BE44210A617C}.Debug|iPhone.ActiveCfg = Debug|Any CPU
		{F88926DD-2884-43A5-8DEC-BE44210A617C}.Debug|iPhone.Build.0 = Debug|Any CPU
		{F88926DD-2884-43A5-8DEC-BE44210A617C}.Debug|iPhone.Deploy.0 = Debug|Any CPU
		{F88926DD-2884-43A5-8DEC-BE44210A617C}.Debug|iPhoneSimulator.ActiveCfg = Debug|Any CPU
		{F88926DD-2884-43A5-8DEC-BE44210A617C}.Debug|iPhoneSimulator.Build.0 = Debug|Any CPU
		{F88926DD-2884-43A5-8DEC-BE44210A617C}.Debug|iPhoneSimulator.Deploy.0 = Debug|Any CPU
		{F88926DD-2884-43A5-8DEC-BE44210A617C}.Debug|x64.ActiveCfg = Debug|Any CPU
		{F88926DD-2884-43A5-8DEC-BE44210A617C}.Debug|x64.Build.0 = Debug|Any CPU
		{F88926DD-2884-43A5-8DEC-BE44210A617C}.Debug|x64.Deploy.0 = Debug|Any CPU
		{F88926DD-2884-43A5-8DEC-BE44210A617C}.Debug|x86.ActiveCfg = Debug|x86
		{F88926DD-2884-43A5-8DEC-BE44210A617C}.Debug|x86.Build.0 = Debug|x86
		{F88926DD-2884-43A5-8DEC-BE44210A617C}.Debug|x86.Deploy.0 = Debug|x86
		{F88926DD-2884-43A5-8DEC-BE44210A617C}.Release|Any CPU.ActiveCfg = Release|Any CPU
		{F88926DD-2884-43A5-8DEC-BE44210A617C}.Release|Any CPU.Build.0 = Release|Any CPU
		{F88926DD-2884-43A5-8DEC-BE44210A617C}.Release|Any CPU.Deploy.0 = Release|Any CPU
		{F88926DD-2884-43A5-8DEC-BE44210A617C}.Release|ARM.ActiveCfg = Release|ARM
		{F88926DD-2884-43A5-8DEC-BE44210A617C}.Release|ARM.Build.0 = Release|ARM
		{F88926DD-2884-43A5-8DEC-BE44210A617C}.Release|ARM.Deploy.0 = Release|ARM
		{F88926DD-2884-43A5-8DEC-BE44210A617C}.Release|iPhone.ActiveCfg = Release|Any CPU
		{F88926DD-2884-43A5-8DEC-BE44210A617C}.Release|iPhone.Build.0 = Release|Any CPU
		{F88926DD-2884-43A5-8DEC-BE44210A617C}.Release|iPhone.Deploy.0 = Release|Any CPU
		{F88926DD-2884-43A5-8DEC-BE44210A617C}.Release|iPhoneSimulator.ActiveCfg = Release|Any CPU
		{F88926DD-2884-43A5-8DEC-BE44210A617C}.Release|iPhoneSimulator.Build.0 = Release|Any CPU
		{F88926DD-2884-43A5-8DEC-BE44210A617C}.Release|iPhoneSimulator.Deploy.0 = Release|Any CPU
		{F88926DD-2884-43A5-8DEC-BE44210A617C}.Release|x64.ActiveCfg = Release|Any CPU
		{F88926DD-2884-43A5-8DEC-BE44210A617C}.Release|x64.Build.0 = Release|Any CPU
		{F88926DD-2884-43A5-8DEC-BE44210A617C}.Release|x64.Deploy.0 = Release|Any CPU
		{F88926DD-2884-43A5-8DEC-BE44210A617C}.Release|x86.ActiveCfg = Release|x86
		{F88926DD-2884-43A5-8DEC-BE44210A617C}.Release|x86.Build.0 = Release|x86
		{F88926DD-2884-43A5-8DEC-BE44210A617C}.Release|x86.Deploy.0 = Release|x86
		{9E996ED5-CE0A-4303-AFA8-35CE2B5A4949}.Ad-Hoc|Any CPU.ActiveCfg = Release|x86
		{9E996ED5-CE0A-4303-AFA8-35CE2B5A4949}.Ad-Hoc|Any CPU.Build.0 = Release|x86
		{9E996ED5-CE0A-4303-AFA8-35CE2B5A4949}.Ad-Hoc|Any CPU.Deploy.0 = Release|x86
		{9E996ED5-CE0A-4303-AFA8-35CE2B5A4949}.Ad-Hoc|ARM.ActiveCfg = Release|ARM
		{9E996ED5-CE0A-4303-AFA8-35CE2B5A4949}.Ad-Hoc|ARM.Build.0 = Release|ARM
		{9E996ED5-CE0A-4303-AFA8-35CE2B5A4949}.Ad-Hoc|ARM.Deploy.0 = Release|ARM
		{9E996ED5-CE0A-4303-AFA8-35CE2B5A4949}.Ad-Hoc|iPhone.ActiveCfg = Release|x86
		{9E996ED5-CE0A-4303-AFA8-35CE2B5A4949}.Ad-Hoc|iPhone.Build.0 = Release|x86
		{9E996ED5-CE0A-4303-AFA8-35CE2B5A4949}.Ad-Hoc|iPhone.Deploy.0 = Release|x86
		{9E996ED5-CE0A-4303-AFA8-35CE2B5A4949}.Ad-Hoc|iPhoneSimulator.ActiveCfg = Release|x86
		{9E996ED5-CE0A-4303-AFA8-35CE2B5A4949}.Ad-Hoc|iPhoneSimulator.Build.0 = Release|x86
		{9E996ED5-CE0A-4303-AFA8-35CE2B5A4949}.Ad-Hoc|iPhoneSimulator.Deploy.0 = Release|x86
		{9E996ED5-CE0A-4303-AFA8-35CE2B5A4949}.Ad-Hoc|x64.ActiveCfg = Release|x64
		{9E996ED5-CE0A-4303-AFA8-35CE2B5A4949}.Ad-Hoc|x64.Build.0 = Release|x64
		{9E996ED5-CE0A-4303-AFA8-35CE2B5A4949}.Ad-Hoc|x64.Deploy.0 = Release|x64
		{9E996ED5-CE0A-4303-AFA8-35CE2B5A4949}.Ad-Hoc|x86.ActiveCfg = Release|x86
		{9E996ED5-CE0A-4303-AFA8-35CE2B5A4949}.Ad-Hoc|x86.Build.0 = Release|x86
		{9E996ED5-CE0A-4303-AFA8-35CE2B5A4949}.Ad-Hoc|x86.Deploy.0 = Release|x86
		{9E996ED5-CE0A-4303-AFA8-35CE2B5A4949}.AppStore|Any CPU.ActiveCfg = Release|x86
		{9E996ED5-CE0A-4303-AFA8-35CE2B5A4949}.AppStore|Any CPU.Build.0 = Release|x86
		{9E996ED5-CE0A-4303-AFA8-35CE2B5A4949}.AppStore|Any CPU.Deploy.0 = Release|x86
		{9E996ED5-CE0A-4303-AFA8-35CE2B5A4949}.AppStore|ARM.ActiveCfg = Release|ARM
		{9E996ED5-CE0A-4303-AFA8-35CE2B5A4949}.AppStore|ARM.Build.0 = Release|ARM
		{9E996ED5-CE0A-4303-AFA8-35CE2B5A4949}.AppStore|ARM.Deploy.0 = Release|ARM
		{9E996ED5-CE0A-4303-AFA8-35CE2B5A4949}.AppStore|iPhone.ActiveCfg = Release|x86
		{9E996ED5-CE0A-4303-AFA8-35CE2B5A4949}.AppStore|iPhone.Build.0 = Release|x86
		{9E996ED5-CE0A-4303-AFA8-35CE2B5A4949}.AppStore|iPhone.Deploy.0 = Release|x86
		{9E996ED5-CE0A-4303-AFA8-35CE2B5A4949}.AppStore|iPhoneSimulator.ActiveCfg = Release|x86
		{9E996ED5-CE0A-4303-AFA8-35CE2B5A4949}.AppStore|iPhoneSimulator.Build.0 = Release|x86
		{9E996ED5-CE0A-4303-AFA8-35CE2B5A4949}.AppStore|iPhoneSimulator.Deploy.0 = Release|x86
		{9E996ED5-CE0A-4303-AFA8-35CE2B5A4949}.AppStore|x64.ActiveCfg = Release|x64
		{9E996ED5-CE0A-4303-AFA8-35CE2B5A4949}.AppStore|x64.Build.0 = Release|x64
		{9E996ED5-CE0A-4303-AFA8-35CE2B5A4949}.AppStore|x64.Deploy.0 = Release|x64
		{9E996ED5-CE0A-4303-AFA8-35CE2B5A4949}.AppStore|x86.ActiveCfg = Release|x86
		{9E996ED5-CE0A-4303-AFA8-35CE2B5A4949}.AppStore|x86.Build.0 = Release|x86
		{9E996ED5-CE0A-4303-AFA8-35CE2B5A4949}.AppStore|x86.Deploy.0 = Release|x86
		{9E996ED5-CE0A-4303-AFA8-35CE2B5A4949}.Debug|Any CPU.ActiveCfg = Debug|x86
		{9E996ED5-CE0A-4303-AFA8-35CE2B5A4949}.Debug|Any CPU.Build.0 = Debug|x86
		{9E996ED5-CE0A-4303-AFA8-35CE2B5A4949}.Debug|Any CPU.Deploy.0 = Debug|x86
		{9E996ED5-CE0A-4303-AFA8-35CE2B5A4949}.Debug|ARM.ActiveCfg = Debug|ARM
		{9E996ED5-CE0A-4303-AFA8-35CE2B5A4949}.Debug|ARM.Build.0 = Debug|ARM
		{9E996ED5-CE0A-4303-AFA8-35CE2B5A4949}.Debug|ARM.Deploy.0 = Debug|ARM
		{9E996ED5-CE0A-4303-AFA8-35CE2B5A4949}.Debug|iPhone.ActiveCfg = Debug|x86
		{9E996ED5-CE0A-4303-AFA8-35CE2B5A4949}.Debug|iPhoneSimulator.ActiveCfg = Debug|x86
		{9E996ED5-CE0A-4303-AFA8-35CE2B5A4949}.Debug|x64.ActiveCfg = Debug|x64
		{9E996ED5-CE0A-4303-AFA8-35CE2B5A4949}.Debug|x64.Build.0 = Debug|x64
		{9E996ED5-CE0A-4303-AFA8-35CE2B5A4949}.Debug|x64.Deploy.0 = Debug|x64
		{9E996ED5-CE0A-4303-AFA8-35CE2B5A4949}.Debug|x86.ActiveCfg = Debug|x86
		{9E996ED5-CE0A-4303-AFA8-35CE2B5A4949}.Debug|x86.Build.0 = Debug|x86
		{9E996ED5-CE0A-4303-AFA8-35CE2B5A4949}.Debug|x86.Deploy.0 = Debug|x86
		{9E996ED5-CE0A-4303-AFA8-35CE2B5A4949}.Release|Any CPU.ActiveCfg = Release|x86
		{9E996ED5-CE0A-4303-AFA8-35CE2B5A4949}.Release|ARM.ActiveCfg = Release|ARM
		{9E996ED5-CE0A-4303-AFA8-35CE2B5A4949}.Release|ARM.Build.0 = Release|ARM
		{9E996ED5-CE0A-4303-AFA8-35CE2B5A4949}.Release|ARM.Deploy.0 = Release|ARM
		{9E996ED5-CE0A-4303-AFA8-35CE2B5A4949}.Release|iPhone.ActiveCfg = Release|x86
		{9E996ED5-CE0A-4303-AFA8-35CE2B5A4949}.Release|iPhoneSimulator.ActiveCfg = Release|x86
		{9E996ED5-CE0A-4303-AFA8-35CE2B5A4949}.Release|x64.ActiveCfg = Release|x64
		{9E996ED5-CE0A-4303-AFA8-35CE2B5A4949}.Release|x64.Build.0 = Release|x64
		{9E996ED5-CE0A-4303-AFA8-35CE2B5A4949}.Release|x64.Deploy.0 = Release|x64
		{9E996ED5-CE0A-4303-AFA8-35CE2B5A4949}.Release|x86.ActiveCfg = Release|x86
		{9E996ED5-CE0A-4303-AFA8-35CE2B5A4949}.Release|x86.Build.0 = Release|x86
		{9E996ED5-CE0A-4303-AFA8-35CE2B5A4949}.Release|x86.Deploy.0 = Release|x86
		{1C7F7A8C-EAC6-4ADE-B187-5250C40D5038}.Ad-Hoc|Any CPU.ActiveCfg = Release|Any CPU
		{1C7F7A8C-EAC6-4ADE-B187-5250C40D5038}.Ad-Hoc|Any CPU.Build.0 = Release|Any CPU
		{1C7F7A8C-EAC6-4ADE-B187-5250C40D5038}.Ad-Hoc|Any CPU.Deploy.0 = Release|Any CPU
		{1C7F7A8C-EAC6-4ADE-B187-5250C40D5038}.Ad-Hoc|ARM.ActiveCfg = Release|ARM
		{1C7F7A8C-EAC6-4ADE-B187-5250C40D5038}.Ad-Hoc|ARM.Build.0 = Release|ARM
		{1C7F7A8C-EAC6-4ADE-B187-5250C40D5038}.Ad-Hoc|ARM.Deploy.0 = Release|ARM
		{1C7F7A8C-EAC6-4ADE-B187-5250C40D5038}.Ad-Hoc|iPhone.ActiveCfg = Release|Any CPU
		{1C7F7A8C-EAC6-4ADE-B187-5250C40D5038}.Ad-Hoc|iPhone.Build.0 = Release|Any CPU
		{1C7F7A8C-EAC6-4ADE-B187-5250C40D5038}.Ad-Hoc|iPhone.Deploy.0 = Release|Any CPU
		{1C7F7A8C-EAC6-4ADE-B187-5250C40D5038}.Ad-Hoc|iPhoneSimulator.ActiveCfg = Release|Any CPU
		{1C7F7A8C-EAC6-4ADE-B187-5250C40D5038}.Ad-Hoc|iPhoneSimulator.Build.0 = Release|Any CPU
		{1C7F7A8C-EAC6-4ADE-B187-5250C40D5038}.Ad-Hoc|iPhoneSimulator.Deploy.0 = Release|Any CPU
		{1C7F7A8C-EAC6-4ADE-B187-5250C40D5038}.Ad-Hoc|x64.ActiveCfg = Release|x64
		{1C7F7A8C-EAC6-4ADE-B187-5250C40D5038}.Ad-Hoc|x64.Build.0 = Release|x64
		{1C7F7A8C-EAC6-4ADE-B187-5250C40D5038}.Ad-Hoc|x64.Deploy.0 = Release|x64
		{1C7F7A8C-EAC6-4ADE-B187-5250C40D5038}.Ad-Hoc|x86.ActiveCfg = Release|x86
		{1C7F7A8C-EAC6-4ADE-B187-5250C40D5038}.Ad-Hoc|x86.Build.0 = Release|x86
		{1C7F7A8C-EAC6-4ADE-B187-5250C40D5038}.Ad-Hoc|x86.Deploy.0 = Release|x86
		{1C7F7A8C-EAC6-4ADE-B187-5250C40D5038}.AppStore|Any CPU.ActiveCfg = Release|Any CPU
		{1C7F7A8C-EAC6-4ADE-B187-5250C40D5038}.AppStore|Any CPU.Build.0 = Release|Any CPU
		{1C7F7A8C-EAC6-4ADE-B187-5250C40D5038}.AppStore|Any CPU.Deploy.0 = Release|Any CPU
		{1C7F7A8C-EAC6-4ADE-B187-5250C40D5038}.AppStore|ARM.ActiveCfg = Release|ARM
		{1C7F7A8C-EAC6-4ADE-B187-5250C40D5038}.AppStore|ARM.Build.0 = Release|ARM
		{1C7F7A8C-EAC6-4ADE-B187-5250C40D5038}.AppStore|ARM.Deploy.0 = Release|ARM
		{1C7F7A8C-EAC6-4ADE-B187-5250C40D5038}.AppStore|iPhone.ActiveCfg = Release|Any CPU
		{1C7F7A8C-EAC6-4ADE-B187-5250C40D5038}.AppStore|iPhone.Build.0 = Release|Any CPU
		{1C7F7A8C-EAC6-4ADE-B187-5250C40D5038}.AppStore|iPhone.Deploy.0 = Release|Any CPU
		{1C7F7A8C-EAC6-4ADE-B187-5250C40D5038}.AppStore|iPhoneSimulator.ActiveCfg = Release|Any CPU
		{1C7F7A8C-EAC6-4ADE-B187-5250C40D5038}.AppStore|iPhoneSimulator.Build.0 = Release|Any CPU
		{1C7F7A8C-EAC6-4ADE-B187-5250C40D5038}.AppStore|iPhoneSimulator.Deploy.0 = Release|Any CPU
		{1C7F7A8C-EAC6-4ADE-B187-5250C40D5038}.AppStore|x64.ActiveCfg = Release|x64
		{1C7F7A8C-EAC6-4ADE-B187-5250C40D5038}.AppStore|x64.Build.0 = Release|x64
		{1C7F7A8C-EAC6-4ADE-B187-5250C40D5038}.AppStore|x64.Deploy.0 = Release|x64
		{1C7F7A8C-EAC6-4ADE-B187-5250C40D5038}.AppStore|x86.ActiveCfg = Release|x86
		{1C7F7A8C-EAC6-4ADE-B187-5250C40D5038}.AppStore|x86.Build.0 = Release|x86
		{1C7F7A8C-EAC6-4ADE-B187-5250C40D5038}.AppStore|x86.Deploy.0 = Release|x86
		{1C7F7A8C-EAC6-4ADE-B187-5250C40D5038}.Debug|Any CPU.ActiveCfg = Debug|Any CPU
		{1C7F7A8C-EAC6-4ADE-B187-5250C40D5038}.Debug|ARM.ActiveCfg = Debug|ARM
		{1C7F7A8C-EAC6-4ADE-B187-5250C40D5038}.Debug|ARM.Build.0 = Debug|ARM
		{1C7F7A8C-EAC6-4ADE-B187-5250C40D5038}.Debug|ARM.Deploy.0 = Debug|ARM
		{1C7F7A8C-EAC6-4ADE-B187-5250C40D5038}.Debug|iPhone.ActiveCfg = Debug|Any CPU
		{1C7F7A8C-EAC6-4ADE-B187-5250C40D5038}.Debug|iPhone.Build.0 = Debug|Any CPU
		{1C7F7A8C-EAC6-4ADE-B187-5250C40D5038}.Debug|iPhone.Deploy.0 = Debug|Any CPU
		{1C7F7A8C-EAC6-4ADE-B187-5250C40D5038}.Debug|iPhoneSimulator.ActiveCfg = Debug|Any CPU
		{1C7F7A8C-EAC6-4ADE-B187-5250C40D5038}.Debug|iPhoneSimulator.Build.0 = Debug|Any CPU
		{1C7F7A8C-EAC6-4ADE-B187-5250C40D5038}.Debug|iPhoneSimulator.Deploy.0 = Debug|Any CPU
		{1C7F7A8C-EAC6-4ADE-B187-5250C40D5038}.Debug|x64.ActiveCfg = Debug|x64
		{1C7F7A8C-EAC6-4ADE-B187-5250C40D5038}.Debug|x64.Build.0 = Debug|x64
		{1C7F7A8C-EAC6-4ADE-B187-5250C40D5038}.Debug|x64.Deploy.0 = Debug|x64
		{1C7F7A8C-EAC6-4ADE-B187-5250C40D5038}.Debug|x86.ActiveCfg = Debug|x86
		{1C7F7A8C-EAC6-4ADE-B187-5250C40D5038}.Debug|x86.Build.0 = Debug|x86
		{1C7F7A8C-EAC6-4ADE-B187-5250C40D5038}.Debug|x86.Deploy.0 = Debug|x86
		{1C7F7A8C-EAC6-4ADE-B187-5250C40D5038}.Release|Any CPU.ActiveCfg = Release|Any CPU
		{1C7F7A8C-EAC6-4ADE-B187-5250C40D5038}.Release|Any CPU.Build.0 = Release|Any CPU
		{1C7F7A8C-EAC6-4ADE-B187-5250C40D5038}.Release|Any CPU.Deploy.0 = Release|Any CPU
		{1C7F7A8C-EAC6-4ADE-B187-5250C40D5038}.Release|ARM.ActiveCfg = Release|ARM
		{1C7F7A8C-EAC6-4ADE-B187-5250C40D5038}.Release|ARM.Build.0 = Release|ARM
		{1C7F7A8C-EAC6-4ADE-B187-5250C40D5038}.Release|ARM.Deploy.0 = Release|ARM
		{1C7F7A8C-EAC6-4ADE-B187-5250C40D5038}.Release|iPhone.ActiveCfg = Release|Any CPU
		{1C7F7A8C-EAC6-4ADE-B187-5250C40D5038}.Release|iPhone.Build.0 = Release|Any CPU
		{1C7F7A8C-EAC6-4ADE-B187-5250C40D5038}.Release|iPhone.Deploy.0 = Release|Any CPU
		{1C7F7A8C-EAC6-4ADE-B187-5250C40D5038}.Release|iPhoneSimulator.ActiveCfg = Release|Any CPU
		{1C7F7A8C-EAC6-4ADE-B187-5250C40D5038}.Release|iPhoneSimulator.Build.0 = Release|Any CPU
		{1C7F7A8C-EAC6-4ADE-B187-5250C40D5038}.Release|iPhoneSimulator.Deploy.0 = Release|Any CPU
		{1C7F7A8C-EAC6-4ADE-B187-5250C40D5038}.Release|x64.ActiveCfg = Release|x64
		{1C7F7A8C-EAC6-4ADE-B187-5250C40D5038}.Release|x64.Build.0 = Release|x64
		{1C7F7A8C-EAC6-4ADE-B187-5250C40D5038}.Release|x64.Deploy.0 = Release|x64
		{1C7F7A8C-EAC6-4ADE-B187-5250C40D5038}.Release|x86.ActiveCfg = Release|x86
		{1C7F7A8C-EAC6-4ADE-B187-5250C40D5038}.Release|x86.Build.0 = Release|x86
		{1C7F7A8C-EAC6-4ADE-B187-5250C40D5038}.Release|x86.Deploy.0 = Release|x86
		{1B74EC7D-5518-4747-BD47-B8A976E2AD80}.Ad-Hoc|Any CPU.ActiveCfg = Release|Any CPU
		{1B74EC7D-5518-4747-BD47-B8A976E2AD80}.Ad-Hoc|Any CPU.Build.0 = Release|Any CPU
		{1B74EC7D-5518-4747-BD47-B8A976E2AD80}.Ad-Hoc|ARM.ActiveCfg = Release|Any CPU
		{1B74EC7D-5518-4747-BD47-B8A976E2AD80}.Ad-Hoc|ARM.Build.0 = Release|Any CPU
		{1B74EC7D-5518-4747-BD47-B8A976E2AD80}.Ad-Hoc|iPhone.ActiveCfg = Release|Any CPU
		{1B74EC7D-5518-4747-BD47-B8A976E2AD80}.Ad-Hoc|iPhone.Build.0 = Release|Any CPU
		{1B74EC7D-5518-4747-BD47-B8A976E2AD80}.Ad-Hoc|iPhoneSimulator.ActiveCfg = Release|Any CPU
		{1B74EC7D-5518-4747-BD47-B8A976E2AD80}.Ad-Hoc|iPhoneSimulator.Build.0 = Release|Any CPU
		{1B74EC7D-5518-4747-BD47-B8A976E2AD80}.Ad-Hoc|x64.ActiveCfg = Release|Any CPU
		{1B74EC7D-5518-4747-BD47-B8A976E2AD80}.Ad-Hoc|x64.Build.0 = Release|Any CPU
		{1B74EC7D-5518-4747-BD47-B8A976E2AD80}.Ad-Hoc|x86.ActiveCfg = Release|Any CPU
		{1B74EC7D-5518-4747-BD47-B8A976E2AD80}.Ad-Hoc|x86.Build.0 = Release|Any CPU
		{1B74EC7D-5518-4747-BD47-B8A976E2AD80}.AppStore|Any CPU.ActiveCfg = Release|Any CPU
		{1B74EC7D-5518-4747-BD47-B8A976E2AD80}.AppStore|Any CPU.Build.0 = Release|Any CPU
		{1B74EC7D-5518-4747-BD47-B8A976E2AD80}.AppStore|ARM.ActiveCfg = Release|Any CPU
		{1B74EC7D-5518-4747-BD47-B8A976E2AD80}.AppStore|ARM.Build.0 = Release|Any CPU
		{1B74EC7D-5518-4747-BD47-B8A976E2AD80}.AppStore|iPhone.ActiveCfg = Release|Any CPU
		{1B74EC7D-5518-4747-BD47-B8A976E2AD80}.AppStore|iPhone.Build.0 = Release|Any CPU
		{1B74EC7D-5518-4747-BD47-B8A976E2AD80}.AppStore|iPhoneSimulator.ActiveCfg = Release|Any CPU
		{1B74EC7D-5518-4747-BD47-B8A976E2AD80}.AppStore|iPhoneSimulator.Build.0 = Release|Any CPU
		{1B74EC7D-5518-4747-BD47-B8A976E2AD80}.AppStore|x64.ActiveCfg = Release|Any CPU
		{1B74EC7D-5518-4747-BD47-B8A976E2AD80}.AppStore|x64.Build.0 = Release|Any CPU
		{1B74EC7D-5518-4747-BD47-B8A976E2AD80}.AppStore|x86.ActiveCfg = Release|Any CPU
		{1B74EC7D-5518-4747-BD47-B8A976E2AD80}.AppStore|x86.Build.0 = Release|Any CPU
		{1B74EC7D-5518-4747-BD47-B8A976E2AD80}.Debug|Any CPU.ActiveCfg = Debug|Any CPU
		{1B74EC7D-5518-4747-BD47-B8A976E2AD80}.Debug|Any CPU.Build.0 = Debug|Any CPU
		{1B74EC7D-5518-4747-BD47-B8A976E2AD80}.Debug|ARM.ActiveCfg = Debug|Any CPU
		{1B74EC7D-5518-4747-BD47-B8A976E2AD80}.Debug|ARM.Build.0 = Debug|Any CPU
		{1B74EC7D-5518-4747-BD47-B8A976E2AD80}.Debug|iPhone.ActiveCfg = Debug|Any CPU
		{1B74EC7D-5518-4747-BD47-B8A976E2AD80}.Debug|iPhone.Build.0 = Debug|Any CPU
		{1B74EC7D-5518-4747-BD47-B8A976E2AD80}.Debug|iPhoneSimulator.ActiveCfg = Debug|Any CPU
		{1B74EC7D-5518-4747-BD47-B8A976E2AD80}.Debug|iPhoneSimulator.Build.0 = Debug|Any CPU
		{1B74EC7D-5518-4747-BD47-B8A976E2AD80}.Debug|x64.ActiveCfg = Debug|Any CPU
		{1B74EC7D-5518-4747-BD47-B8A976E2AD80}.Debug|x64.Build.0 = Debug|Any CPU
		{1B74EC7D-5518-4747-BD47-B8A976E2AD80}.Debug|x86.ActiveCfg = Debug|Any CPU
		{1B74EC7D-5518-4747-BD47-B8A976E2AD80}.Debug|x86.Build.0 = Debug|Any CPU
		{1B74EC7D-5518-4747-BD47-B8A976E2AD80}.Release|Any CPU.ActiveCfg = Release|Any CPU
		{1B74EC7D-5518-4747-BD47-B8A976E2AD80}.Release|Any CPU.Build.0 = Release|Any CPU
		{1B74EC7D-5518-4747-BD47-B8A976E2AD80}.Release|ARM.ActiveCfg = Release|Any CPU
		{1B74EC7D-5518-4747-BD47-B8A976E2AD80}.Release|ARM.Build.0 = Release|Any CPU
		{1B74EC7D-5518-4747-BD47-B8A976E2AD80}.Release|iPhone.ActiveCfg = Release|Any CPU
		{1B74EC7D-5518-4747-BD47-B8A976E2AD80}.Release|iPhone.Build.0 = Release|Any CPU
		{1B74EC7D-5518-4747-BD47-B8A976E2AD80}.Release|iPhoneSimulator.ActiveCfg = Release|Any CPU
		{1B74EC7D-5518-4747-BD47-B8A976E2AD80}.Release|iPhoneSimulator.Build.0 = Release|Any CPU
		{1B74EC7D-5518-4747-BD47-B8A976E2AD80}.Release|x64.ActiveCfg = Release|Any CPU
		{1B74EC7D-5518-4747-BD47-B8A976E2AD80}.Release|x64.Build.0 = Release|Any CPU
		{1B74EC7D-5518-4747-BD47-B8A976E2AD80}.Release|x86.ActiveCfg = Release|Any CPU
		{1B74EC7D-5518-4747-BD47-B8A976E2AD80}.Release|x86.Build.0 = Release|Any CPU
	EndGlobalSection
	GlobalSection(SolutionProperties) = preSolution
		HideSolutionNode = FALSE
	EndGlobalSection
EndGlobal
